{
  "name": "@canvest/canvest-core",
  "version": "0.0.7",
  "lockfileVersion": 1,
  "requires": true,
  "dependencies": {
    "pixelmatch": {
      "version": "5.2.0",
      "resolved": "https://registry.npmjs.org/pixelmatch/-/pixelmatch-5.2.0.tgz",
      "integrity": "sha512-TdleROuanI+Uo/4PcOAH7b7qgO4kjzJO8K4y/TBAo1wx/5BE8cn1B0I6Jfk3mKcJsGpWvX7zjM8OjU5o9i+aog==",
      "requires": {
        "pngjs": "^4.0.1"
      }
    },
    "pngjs": {
      "version": "4.0.1",
      "resolved": "https://registry.npmjs.org/pngjs/-/pngjs-4.0.1.tgz",
      "integrity": "sha512-rf5+2/ioHeQxR6IxuYNYGFytUyG3lma/WW1nsmjeHlWwtb2aByla6dkVc8pmJ9nplzkTA0q2xx7mMWrOTqT4Gg=="
    }
  }
}
